
Microsoft Visual Studio Solution File, Format Version 12.00
# Visual Studio 15
VisualStudioVersion = 15.0.28307.852
MinimumVisualStudioVersion = 10.0.40219.1
Project("{FAE04EC0-301F-11D3-BF4B-00C04F79EFBC}") = "Quizz.Android", "Quizz\Quizz.Android\Quizz.Android.csproj", "{FED8519A-7898-436B-B317-05CD95E672D3}"
EndProject
Project("{9A19103F-16F7-4668-BE54-9A1E7A4F7556}") = "Quizz", "Quizz\Quizz\Quizz.csproj", "{76D202A6-85C4-4490-8589-F1C1D3E33DB6}"
EndProject
Project("{9A19103F-16F7-4668-BE54-9A1E7A4F7556}") = "QuizzeryAPI", "QuizzeryAPI\QuizzeryAPI.csproj", "{45C41DAB-B2A2-4119-9D90-0520A8A23DA1}"
EndProject
Project("{FAE04EC0-301F-11D3-BF4B-00C04F79EFBC}") = "QuizzeryDB", "QuizzeryDB\QuizzeryDB.csproj", "{24E0F9C9-2D5F-4A7A-95D1-3E5ED7570A42}"
EndProject
Global
	GlobalSection(SolutionConfigurationPlatforms) = preSolution
		Debug|Any CPU = Debug|Any CPU
		Release|Any CPU = Release|Any CPU
	EndGlobalSection
	GlobalSection(ProjectConfigurationPlatforms) = postSolution
		{FED8519A-7898-436B-B317-05CD95E672D3}.Debug|Any CPU.ActiveCfg = Debug|Any CPU
		{FED8519A-7898-436B-B317-05CD95E672D3}.Debug|Any CPU.Build.0 = Debug|Any CPU
		{FED8519A-7898-436B-B317-05CD95E672D3}.Debug|Any CPU.Deploy.0 = Debug|Any CPU
		{FED8519A-7898-436B-B317-05CD95E672D3}.Release|Any CPU.ActiveCfg = Release|Any CPU
		{FED8519A-7898-436B-B317-05CD95E672D3}.Release|Any CPU.Build.0 = Release|Any CPU
		{FED8519A-7898-436B-B317-05CD95E672D3}.Release|Any CPU.Deploy.0 = Release|Any CPU
		{76D202A6-85C4-4490-8589-F1C1D3E33DB6}.Debug|Any CPU.ActiveCfg = Debug|Any CPU
		{76D202A6-85C4-4490-8589-F1C1D3E33DB6}.Debug|Any CPU.Build.0 = Debug|Any CPU
		{76D202A6-85C4-4490-8589-F1C1D3E33DB6}.Debug|Any CPU.Deploy.0 = Debug|Any CPU
		{76D202A6-85C4-4490-8589-F1C1D3E33DB6}.Release|Any CPU.ActiveCfg = Release|Any CPU
		{76D202A6-85C4-4490-8589-F1C1D3E33DB6}.Release|Any CPU.Build.0 = Release|Any CPU
		{76D202A6-85C4-4490-8589-F1C1D3E33DB6}.Release|Any CPU.Deploy.0 = Release|Any CPU
		{45C41DAB-B2A2-4119-9D90-0520A8A23DA1}.Debug|Any CPU.ActiveCfg = Debug|Any CPU
		{45C41DAB-B2A2-4119-9D90-0520A8A23DA1}.Debug|Any CPU.Build.0 = Debug|Any CPU
		{45C41DAB-B2A2-4119-9D90-0520A8A23DA1}.Release|Any CPU.ActiveCfg = Release|Any CPU
		{45C41DAB-B2A2-4119-9D90-0520A8A23DA1}.Release|Any CPU.Build.0 = Release|Any CPU
		{24E0F9C9-2D5F-4A7A-95D1-3E5ED7570A42}.Debug|Any CPU.ActiveCfg = Debug|Any CPU
		{24E0F9C9-2D5F-4A7A-95D1-3E5ED7570A42}.Debug|Any CPU.Build.0 = Debug|Any CPU
		{24E0F9C9-2D5F-4A7A-95D1-3E5ED7570A42}.Release|Any CPU.ActiveCfg = Release|Any CPU
		{24E0F9C9-2D5F-4A7A-95D1-3E5ED7570A42}.Release|Any CPU.Build.0 = Release|Any CPU
	EndGlobalSection
	GlobalSection(SolutionProperties) = preSolution
		HideSolutionNode = FALSE
	EndGlobalSection
	GlobalSection(ExtensibilityGlobals) = postSolution
		SolutionGuid = {CEBD23DB-4D8D-4EAA-8646-F3D8B6451AA7}
	EndGlobalSection
EndGlobal
